
Microsoft Visual Studio Solution File, Format Version 12.00
# Visual Studio 14
VisualStudioVersion = 14.0.25420.1
MinimumVisualStudioVersion = 10.0.40219.1
Project("{D954291E-2A0B-460D-934E-DC6B0785DB48}") = "UtilityLibrary", "UtilityLibrary\UtilityLibrary.shproj", "{A6A0CD2C-B5FC-4E75-AF8A-C71764030D39}"
EndProject
Global
	GlobalSection(SharedMSBuildProjectFiles) = preSolution
		UtilityLibrary\UtilityLibrary.projitems*{a6a0cd2c-b5fc-4e75-af8a-c71764030d39}*SharedItemsImports = 13
	EndGlobalSection
	GlobalSection(SolutionProperties) = preSolution
		HideSolutionNode = FALSE
	EndGlobalSection
EndGlobal
