
Microsoft Visual Studio Solution File, Format Version 12.00
# Visual Studio Version 16
VisualStudioVersion = 16.0.30330.147
MinimumVisualStudioVersion = 10.0.40219.1
Project("{FAE04EC0-301F-11D3-BF4B-00C04F79EFBC}") = "CsUtilityLibraryConsole", "CsUtilityLibraryConsole\CsUtilityLibraryConsole.csproj", "{45C1D748-9176-441A-9087-49301C112E1E}"
EndProject
Project("{FAE04EC0-301F-11D3-BF4B-00C04F79EFBC}") = "CSLibraryIo", "..\CSLibraryIo\CSLibraryIo.csproj", "{304BA51D-A7FE-4927-9F70-F67B2CD71A2B}"
EndProject
Global
	GlobalSection(SolutionConfigurationPlatforms) = preSolution
		Debug|Any CPU = Debug|Any CPU
		Release|Any CPU = Release|Any CPU
	EndGlobalSection
	GlobalSection(ProjectConfigurationPlatforms) = postSolution
		{45C1D748-9176-441A-9087-49301C112E1E}.Debug|Any CPU.ActiveCfg = Debug|Any CPU
		{45C1D748-9176-441A-9087-49301C112E1E}.Debug|Any CPU.Build.0 = Debug|Any CPU
		{45C1D748-9176-441A-9087-49301C112E1E}.Release|Any CPU.ActiveCfg = Release|Any CPU
		{45C1D748-9176-441A-9087-49301C112E1E}.Release|Any CPU.Build.0 = Release|Any CPU
		{304BA51D-A7FE-4927-9F70-F67B2CD71A2B}.Debug|Any CPU.ActiveCfg = Debug|Any CPU
		{304BA51D-A7FE-4927-9F70-F67B2CD71A2B}.Debug|Any CPU.Build.0 = Debug|Any CPU
		{304BA51D-A7FE-4927-9F70-F67B2CD71A2B}.Release|Any CPU.ActiveCfg = Release|Any CPU
		{304BA51D-A7FE-4927-9F70-F67B2CD71A2B}.Release|Any CPU.Build.0 = Release|Any CPU
	EndGlobalSection
	GlobalSection(SolutionProperties) = preSolution
		HideSolutionNode = FALSE
	EndGlobalSection
	GlobalSection(ExtensibilityGlobals) = postSolution
		SolutionGuid = {737783C9-BF1A-479D-8D8C-C67B3CA61D96}
	EndGlobalSection
EndGlobal
